
Microsoft Visual Studio Solution File, Format Version 12.00
# Visual Studio Version 17
VisualStudioVersion = 17.10.35013.160
MinimumVisualStudioVersion = 10.0.40219.1
Project("{9A19103F-16F7-4668-BE54-9A1E7A4F7556}") = "TaskManager.API", "TaskManager.API\TaskManager.API.csproj", "{D0D7232E-63E3-4866-B765-E4014FE88DD1}"
EndProject
Project("{9A19103F-16F7-4668-BE54-9A1E7A4F7556}") = "TaskManager.Core", "TaskManager.Core\TaskManager.Core.csproj", "{D21775AD-351E-4754-AADA-51A6DBFB9F17}"
EndProject
Project("{9A19103F-16F7-4668-BE54-9A1E7A4F7556}") = "TaskManager.Adapters", "TaskManager.Adapters\TaskManager.Adapters.csproj", "{2231D955-E145-4B61-957C-3F119570E9B2}"
EndProject
Project("{FAE04EC0-301F-11D3-BF4B-00C04F79EFBC}") = "TaskManager.TestsUnits", "TaskManager.TestsUnits\TaskManager.TestsUnits.csproj", "{B4873254-B95B-48D2-B454-8AE4CB5C8668}"
EndProject
Global
	GlobalSection(SolutionConfigurationPlatforms) = preSolution
		Debug|Any CPU = Debug|Any CPU
		Release|Any CPU = Release|Any CPU
	EndGlobalSection
	GlobalSection(ProjectConfigurationPlatforms) = postSolution
		{D0D7232E-63E3-4866-B765-E4014FE88DD1}.Debug|Any CPU.ActiveCfg = Debug|Any CPU
		{D0D7232E-63E3-4866-B765-E4014FE88DD1}.Debug|Any CPU.Build.0 = Debug|Any CPU
		{D0D7232E-63E3-4866-B765-E4014FE88DD1}.Release|Any CPU.ActiveCfg = Release|Any CPU
		{D0D7232E-63E3-4866-B765-E4014FE88DD1}.Release|Any CPU.Build.0 = Release|Any CPU
		{D21775AD-351E-4754-AADA-51A6DBFB9F17}.Debug|Any CPU.ActiveCfg = Debug|Any CPU
		{D21775AD-351E-4754-AADA-51A6DBFB9F17}.Debug|Any CPU.Build.0 = Debug|Any CPU
		{D21775AD-351E-4754-AADA-51A6DBFB9F17}.Release|Any CPU.ActiveCfg = Release|Any CPU
		{D21775AD-351E-4754-AADA-51A6DBFB9F17}.Release|Any CPU.Build.0 = Release|Any CPU
		{2231D955-E145-4B61-957C-3F119570E9B2}.Debug|Any CPU.ActiveCfg = Debug|Any CPU
		{2231D955-E145-4B61-957C-3F119570E9B2}.Debug|Any CPU.Build.0 = Debug|Any CPU
		{2231D955-E145-4B61-957C-3F119570E9B2}.Release|Any CPU.ActiveCfg = Release|Any CPU
		{2231D955-E145-4B61-957C-3F119570E9B2}.Release|Any CPU.Build.0 = Release|Any CPU
		{B4873254-B95B-48D2-B454-8AE4CB5C8668}.Debug|Any CPU.ActiveCfg = Debug|Any CPU
		{B4873254-B95B-48D2-B454-8AE4CB5C8668}.Debug|Any CPU.Build.0 = Debug|Any CPU
		{B4873254-B95B-48D2-B454-8AE4CB5C8668}.Release|Any CPU.ActiveCfg = Release|Any CPU
		{B4873254-B95B-48D2-B454-8AE4CB5C8668}.Release|Any CPU.Build.0 = Release|Any CPU
	EndGlobalSection
	GlobalSection(SolutionProperties) = preSolution
		HideSolutionNode = FALSE
	EndGlobalSection
	GlobalSection(ExtensibilityGlobals) = postSolution
		SolutionGuid = {AA15060E-DD69-4AC1-B55A-81AE55D09F60}
	EndGlobalSection
EndGlobal
